
Microsoft Visual Studio Solution File, Format Version 12.00
# Visual Studio Version 16
VisualStudioVersion = 16.0.29306.81
MinimumVisualStudioVersion = 10.0.40219.1
Project("{FAE04EC0-301F-11D3-BF4B-00C04F79EFBC}") = "FactoryWindowGUI", "FactoryWindowGUI\FactoryWindowGUI.csproj", "{20827429-E998-4EA3-BB34-DB49CBD0FCC0}"
EndProject
Project("{FAE04EC0-301F-11D3-BF4B-00C04F79EFBC}") = "FactoryWindowGUI.Test", "FactoryWindowGUI.Test\FactoryWindowGUI.Test.csproj", "{3E56CCD7-D396-492E-BD74-AA5510BBECCC}"
EndProject
Project("{FAE04EC0-301F-11D3-BF4B-00C04F79EFBC}") = "LiveCharts", "Core40\LiveCharts.csproj", "{F261C3D7-6194-4625-9516-044081B06028}"
EndProject
Project("{FAE04EC0-301F-11D3-BF4B-00C04F79EFBC}") = "FactoryWindowGUI.ChartUtil", "ChartUtil\FactoryWindowGUI.ChartUtil.csproj", "{4D253423-AE05-47F6-A59D-9162EC0BB1F2}"
EndProject
Global
	GlobalSection(SolutionConfigurationPlatforms) = preSolution
		Debug|Any CPU = Debug|Any CPU
		Debug|x86 = Debug|x86
		Release|Any CPU = Release|Any CPU
		Release|x86 = Release|x86
	EndGlobalSection
	GlobalSection(ProjectConfigurationPlatforms) = postSolution
		{20827429-E998-4EA3-BB34-DB49CBD0FCC0}.Debug|Any CPU.ActiveCfg = Debug|Any CPU
		{20827429-E998-4EA3-BB34-DB49CBD0FCC0}.Debug|Any CPU.Build.0 = Debug|Any CPU
		{20827429-E998-4EA3-BB34-DB49CBD0FCC0}.Debug|x86.ActiveCfg = Debug|x86
		{20827429-E998-4EA3-BB34-DB49CBD0FCC0}.Debug|x86.Build.0 = Debug|x86
		{20827429-E998-4EA3-BB34-DB49CBD0FCC0}.Release|Any CPU.ActiveCfg = Release|Any CPU
		{20827429-E998-4EA3-BB34-DB49CBD0FCC0}.Release|Any CPU.Build.0 = Release|Any CPU
		{20827429-E998-4EA3-BB34-DB49CBD0FCC0}.Release|x86.ActiveCfg = Release|x86
		{20827429-E998-4EA3-BB34-DB49CBD0FCC0}.Release|x86.Build.0 = Release|x86
		{3E56CCD7-D396-492E-BD74-AA5510BBECCC}.Debug|Any CPU.ActiveCfg = Debug|Any CPU
		{3E56CCD7-D396-492E-BD74-AA5510BBECCC}.Debug|Any CPU.Build.0 = Debug|Any CPU
		{3E56CCD7-D396-492E-BD74-AA5510BBECCC}.Debug|x86.ActiveCfg = Debug|Any CPU
		{3E56CCD7-D396-492E-BD74-AA5510BBECCC}.Debug|x86.Build.0 = Debug|Any CPU
		{3E56CCD7-D396-492E-BD74-AA5510BBECCC}.Release|Any CPU.ActiveCfg = Release|Any CPU
		{3E56CCD7-D396-492E-BD74-AA5510BBECCC}.Release|Any CPU.Build.0 = Release|Any CPU
		{3E56CCD7-D396-492E-BD74-AA5510BBECCC}.Release|x86.ActiveCfg = Release|Any CPU
		{3E56CCD7-D396-492E-BD74-AA5510BBECCC}.Release|x86.Build.0 = Release|Any CPU
		{F261C3D7-6194-4625-9516-044081B06028}.Debug|Any CPU.ActiveCfg = Debug|Any CPU
		{F261C3D7-6194-4625-9516-044081B06028}.Debug|Any CPU.Build.0 = Debug|Any CPU
	EndGlobalSection
	GlobalSection(SolutionProperties) = preSolution
		HideSolutionNode = FALSE
	EndGlobalSection
	GlobalSection(ExtensibilityGlobals) = postSolution
		SolutionGuid = {6B021DF0-AFE7-4FCF-BF5B-AB874985D3DE}
	EndGlobalSection
EndGlobal
